// !$*UTF8*$!
{
	archiveVersion = 1;
	classes = {
	};
	objectVersion = 48;
	objects = {

/* Begin PBXBuildFile section */
		2608529220107F0200446F1D /* AppDelegate.swift in Sources */ = {isa = PBXBuildFile; fileRef = 2608529120107F0200446F1D /* AppDelegate.swift */; };
		2608529720107F0200446F1D /* Main.storyboard in Resources */ = {isa = PBXBuildFile; fileRef = 2608529520107F0200446F1D /* Main.storyboard */; };
		2608529920107F0200446F1D /* Assets.xcassets in Resources */ = {isa = PBXBuildFile; fileRef = 2608529820107F0200446F1D /* Assets.xcassets */; };
		2608529C20107F0200446F1D /* LaunchScreen.storyboard in Resources */ = {isa = PBXBuildFile; fileRef = 2608529A20107F0200446F1D /* LaunchScreen.storyboard */; };
		260852A52010906600446F1D /* SpeedTestViewController.swift in Sources */ = {isa = PBXBuildFile; fileRef = 260852A42010906600446F1D /* SpeedTestViewController.swift */; };
		260852A72010907F00446F1D /* NewsViewController.swift in Sources */ = {isa = PBXBuildFile; fileRef = 260852A62010907F00446F1D /* NewsViewController.swift */; };
		2698FD072011ED5B00BA94F5 /* SpeedTestTableViewCell.swift in Sources */ = {isa = PBXBuildFile; fileRef = 2698FD062011ED5B00BA94F5 /* SpeedTestTableViewCell.swift */; };
		2698FD092011ED7100BA94F5 /* NewsTableViewCell.swift in Sources */ = {isa = PBXBuildFile; fileRef = 2698FD082011ED7100BA94F5 /* NewsTableViewCell.swift */; };
		2698FD0C2011F1A400BA94F5 /* Speed.swift in Sources */ = {isa = PBXBuildFile; fileRef = 2698FD0B2011F1A400BA94F5 /* Speed.swift */; };
		5DE36060F95C9ED85B58BF1A /* Pods_SpeedTest.framework in Frameworks */ = {isa = PBXBuildFile; fileRef = 7766FD53AD5210A9414D47D0 /* Pods_SpeedTest.framework */; };
		A30A59712012FEED00515510 /* UIImageView+Extension.swift in Sources */ = {isa = PBXBuildFile; fileRef = A30A59702012FEED00515510 /* UIImageView+Extension.swift */; };
		A30A5973201307DD00515510 /* ServerAPI.swift in Sources */ = {isa = PBXBuildFile; fileRef = A30A5972201307DD00515510 /* ServerAPI.swift */; };
		A30A597520130DA400515510 /* News.swift in Sources */ = {isa = PBXBuildFile; fileRef = A30A597420130DA400515510 /* News.swift */; };
		A30A597720130DB200515510 /* Slide.swift in Sources */ = {isa = PBXBuildFile; fileRef = A30A597620130DB200515510 /* Slide.swift */; };
		A30A59792013501300515510 /* NewsDetailViewController.swift in Sources */ = {isa = PBXBuildFile; fileRef = A30A59782013501300515510 /* NewsDetailViewController.swift */; };
		A30A597B2013766800515510 /* Constants.swift in Sources */ = {isa = PBXBuildFile; fileRef = A30A597A2013766800515510 /* Constants.swift */; };
		A35A8BFD201429250032C04E /* DesignableView.swift in Sources */ = {isa = PBXBuildFile; fileRef = A35A8BF2201429240032C04E /* DesignableView.swift */; };
		A35A8BFE201429250032C04E /* LoadingView.swift in Sources */ = {isa = PBXBuildFile; fileRef = A35A8BF3201429240032C04E /* LoadingView.swift */; };
		A35A8BFF201429250032C04E /* LoadingView.xib in Resources */ = {isa = PBXBuildFile; fileRef = A35A8BF4201429240032C04E /* LoadingView.xib */; };
		A35A8C01201429250032C04E /* Spring.swift in Sources */ = {isa = PBXBuildFile; fileRef = A35A8BF6201429240032C04E /* Spring.swift */; };
		A35A8C02201429250032C04E /* SpringAnimation.swift in Sources */ = {isa = PBXBuildFile; fileRef = A35A8BF7201429240032C04E /* SpringAnimation.swift */; };
		A35A8C03201429250032C04E /* SpringView.swift in Sources */ = {isa = PBXBuildFile; fileRef = A35A8BF8201429240032C04E /* SpringView.swift */; };
		A35A8C0820142D930032C04E /* Misc.swift in Sources */ = {isa = PBXBuildFile; fileRef = A35A8C0720142D930032C04E /* Misc.swift */; };
		A35A8C0D2016310C0032C04E /* SimplePingClient.swift in Sources */ = {isa = PBXBuildFile; fileRef = A35A8C0C2016310C0032C04E /* SimplePingClient.swift */; };
		A35A8C112016319F0032C04E /* SimplePing.m in Sources */ = {isa = PBXBuildFile; fileRef = A35A8C102016319F0032C04E /* SimplePing.m */; };
/* End PBXBuildFile section */

/* Begin PBXFileReference section */
		2608528E20107F0200446F1D /* 乐发赛车.app */ = {isa = PBXFileReference; explicitFileType = wrapper.application; includeInIndex = 0; path = "乐发赛车.app"; sourceTree = BUILT_PRODUCTS_DIR; };
		2608529120107F0200446F1D /* AppDelegate.swift */ = {isa = PBXFileReference; lastKnownFileType = sourcecode.swift; path = AppDelegate.swift; sourceTree = "<group>"; };
		2608529620107F0200446F1D /* Base */ = {isa = PBXFileReference; lastKnownFileType = file.storyboard; name = Base; path = Base.lproj/Main.storyboard; sourceTree = "<group>"; };
		2608529820107F0200446F1D /* Assets.xcassets */ = {isa = PBXFileReference; lastKnownFileType = folder.assetcatalog; path = Assets.xcassets; sourceTree = "<group>"; };
		2608529B20107F0200446F1D /* Base */ = {isa = PBXFileReference; lastKnownFileType = file.storyboard; name = Base; path = Base.lproj/LaunchScreen.storyboard; sourceTree = "<group>"; };
		2608529D20107F0200446F1D /* Info.plist */ = {isa = PBXFileReference; lastKnownFileType = text.plist.xml; path = Info.plist; sourceTree = "<group>"; };
		260852A42010906600446F1D /* SpeedTestViewController.swift */ = {isa = PBXFileReference; lastKnownFileType = sourcecode.swift; path = SpeedTestViewController.swift; sourceTree = "<group>"; };
		260852A62010907F00446F1D /* NewsViewController.swift */ = {isa = PBXFileReference; lastKnownFileType = sourcecode.swift; path = NewsViewController.swift; sourceTree = "<group>"; };
		2698FD062011ED5B00BA94F5 /* SpeedTestTableViewCell.swift */ = {isa = PBXFileReference; lastKnownFileType = sourcecode.swift; path = SpeedTestTableViewCell.swift; sourceTree = "<group>"; };
		2698FD082011ED7100BA94F5 /* NewsTableViewCell.swift */ = {isa = PBXFileReference; lastKnownFileType = sourcecode.swift; path = NewsTableViewCell.swift; sourceTree = "<group>"; };
		2698FD0B2011F1A400BA94F5 /* Speed.swift */ = {isa = PBXFileReference; lastKnownFileType = sourcecode.swift; path = Speed.swift; sourceTree = "<group>"; };
		630A63D2FC08F8EF3BFC6EDE /* Pods-SpeedTest.release.xcconfig */ = {isa = PBXFileReference; includeInIndex = 1; lastKnownFileType = text.xcconfig; name = "Pods-SpeedTest.release.xcconfig"; path = "Pods/Target Support Files/Pods-SpeedTest/Pods-SpeedTest.release.xcconfig"; sourceTree = "<group>"; };
		7766FD53AD5210A9414D47D0 /* Pods_SpeedTest.framework */ = {isa = PBXFileReference; explicitFileType = wrapper.framework; includeInIndex = 0; path = Pods_SpeedTest.framework; sourceTree = BUILT_PRODUCTS_DIR; };
		A30A59702012FEED00515510 /* UIImageView+Extension.swift */ = {isa = PBXFileReference; lastKnownFileType = sourcecode.swift; path = "UIImageView+Extension.swift"; sourceTree = "<group>"; };
		A30A5972201307DD00515510 /* ServerAPI.swift */ = {isa = PBXFileReference; lastKnownFileType = sourcecode.swift; name = ServerAPI.swift; path = SpeedTest/API/ServerAPI.swift; sourceTree = SOURCE_ROOT; };
		A30A597420130DA400515510 /* News.swift */ = {isa = PBXFileReference; lastKnownFileType = sourcecode.swift; path = News.swift; sourceTree = "<group>"; };
		A30A597620130DB200515510 /* Slide.swift */ = {isa = PBXFileReference; lastKnownFileType = sourcecode.swift; path = Slide.swift; sourceTree = "<group>"; };
		A30A59782013501300515510 /* NewsDetailViewController.swift */ = {isa = PBXFileReference; lastKnownFileType = sourcecode.swift; path = NewsDetailViewController.swift; sourceTree = "<group>"; };
		A30A597A2013766800515510 /* Constants.swift */ = {isa = PBXFileReference; lastKnownFileType = sourcecode.swift; path = Constants.swift; sourceTree = "<group>"; };
		A35A8BF2201429240032C04E /* DesignableView.swift */ = {isa = PBXFileReference; fileEncoding = 4; lastKnownFileType = sourcecode.swift; path = DesignableView.swift; sourceTree = "<group>"; };
		A35A8BF3201429240032C04E /* LoadingView.swift */ = {isa = PBXFileReference; fileEncoding = 4; lastKnownFileType = sourcecode.swift; path = LoadingView.swift; sourceTree = "<group>"; };
		A35A8BF4201429240032C04E /* LoadingView.xib */ = {isa = PBXFileReference; fileEncoding = 4; lastKnownFileType = file.xib; path = LoadingView.xib; sourceTree = "<group>"; };
		A35A8BF6201429240032C04E /* Spring.swift */ = {isa = PBXFileReference; fileEncoding = 4; lastKnownFileType = sourcecode.swift; path = Spring.swift; sourceTree = "<group>"; };
		A35A8BF7201429240032C04E /* SpringAnimation.swift */ = {isa = PBXFileReference; fileEncoding = 4; lastKnownFileType = sourcecode.swift; path = SpringAnimation.swift; sourceTree = "<group>"; };
		A35A8BF8201429240032C04E /* SpringView.swift */ = {isa = PBXFileReference; fileEncoding = 4; lastKnownFileType = sourcecode.swift; path = SpringView.swift; sourceTree = "<group>"; };
		A35A8C0720142D930032C04E /* Misc.swift */ = {isa = PBXFileReference; fileEncoding = 4; lastKnownFileType = sourcecode.swift; path = Misc.swift; sourceTree = "<group>"; };
		A35A8C0C2016310C0032C04E /* SimplePingClient.swift */ = {isa = PBXFileReference; lastKnownFileType = sourcecode.swift; path = SimplePingClient.swift; sourceTree = "<group>"; };
		A35A8C0F2016319F0032C04E /* SimplePing.h */ = {isa = PBXFileReference; fileEncoding = 4; lastKnownFileType = sourcecode.c.h; path = SimplePing.h; sourceTree = "<group>"; };
		A35A8C102016319F0032C04E /* SimplePing.m */ = {isa = PBXFileReference; fileEncoding = 4; lastKnownFileType = sourcecode.c.objc; path = SimplePing.m; sourceTree = "<group>"; };
		A35A8C12201631CD0032C04E /* SpeedTest-Bridging-Header.h */ = {isa = PBXFileReference; lastKnownFileType = sourcecode.c.h; path = "SpeedTest-Bridging-Header.h"; sourceTree = "<group>"; };
		F1E40D04AB8ED6FDDEFD96EE /* Pods-SpeedTest.debug.xcconfig */ = {isa = PBXFileReference; includeInIndex = 1; lastKnownFileType = text.xcconfig; name = "Pods-SpeedTest.debug.xcconfig"; path = "Pods/Target Support Files/Pods-SpeedTest/Pods-SpeedTest.debug.xcconfig"; sourceTree = "<group>"; };
/* End PBXFileReference section */

/* Begin PBXFrameworksBuildPhase section */
		2608528B20107F0200446F1D /* Frameworks */ = {
			isa = PBXFrameworksBuildPhase;
			buildActionMask = 2147483647;
			files = (
				5DE36060F95C9ED85B58BF1A /* Pods_SpeedTest.framework in Frameworks */,
			);
			runOnlyForDeploymentPostprocessing = 0;
		};
/* End PBXFrameworksBuildPhase section */

/* Begin PBXGroup section */
		2608528520107F0200446F1D = {
			isa = PBXGroup;
			children = (
				2608529020107F0200446F1D /* SpeedTest */,
				2608528F20107F0200446F1D /* Products */,
				546400B47334056DC7588D14 /* Pods */,
				E443822B8AF9242469149474 /* Frameworks */,
			);
			sourceTree = "<group>";
		};
		2608528F20107F0200446F1D /* Products */ = {
			isa = PBXGroup;
			children = (
				2608528E20107F0200446F1D /* 乐发赛车.app */,
			);
			name = Products;
			sourceTree = "<group>";
		};
		2608529020107F0200446F1D /* SpeedTest */ = {
			isa = PBXGroup;
			children = (
				A35A8C0B20145B190032C04E /* API */,
				A35A8BED201429240032C04E /* Library */,
				A30A596F2012FEC800515510 /* Extension */,
				2698FD0A2011F17400BA94F5 /* Model */,
				2698FD052011ED2100BA94F5 /* Controls */,
				260852A32010904B00446F1D /* ViewController */,
				2608529120107F0200446F1D /* AppDelegate.swift */,
				2608529520107F0200446F1D /* Main.storyboard */,
				2608529820107F0200446F1D /* Assets.xcassets */,
				2608529A20107F0200446F1D /* LaunchScreen.storyboard */,
				2608529D20107F0200446F1D /* Info.plist */,
				A35A8C12201631CD0032C04E /* SpeedTest-Bridging-Header.h */,
			);
			path = SpeedTest;
			sourceTree = "<group>";
		};
		260852A32010904B00446F1D /* ViewController */ = {
			isa = PBXGroup;
			children = (
				260852A42010906600446F1D /* SpeedTestViewController.swift */,
				260852A62010907F00446F1D /* NewsViewController.swift */,
				A30A59782013501300515510 /* NewsDetailViewController.swift */,
			);
			path = ViewController;
			sourceTree = "<group>";
		};
		2698FD052011ED2100BA94F5 /* Controls */ = {
			isa = PBXGroup;
			children = (
				2698FD062011ED5B00BA94F5 /* SpeedTestTableViewCell.swift */,
				2698FD082011ED7100BA94F5 /* NewsTableViewCell.swift */,
			);
			path = Controls;
			sourceTree = "<group>";
		};
		2698FD0A2011F17400BA94F5 /* Model */ = {
			isa = PBXGroup;
			children = (
				2698FD0B2011F1A400BA94F5 /* Speed.swift */,
				A30A597420130DA400515510 /* News.swift */,
				A30A597620130DB200515510 /* Slide.swift */,
			);
			path = Model;
			sourceTree = "<group>";
		};
		546400B47334056DC7588D14 /* Pods */ = {
			isa = PBXGroup;
			children = (
				F1E40D04AB8ED6FDDEFD96EE /* Pods-SpeedTest.debug.xcconfig */,
				630A63D2FC08F8EF3BFC6EDE /* Pods-SpeedTest.release.xcconfig */,
			);
			name = Pods;
			sourceTree = "<group>";
		};
		A30A596F2012FEC800515510 /* Extension */ = {
			isa = PBXGroup;
			children = (
				A30A59702012FEED00515510 /* UIImageView+Extension.swift */,
				A30A597A2013766800515510 /* Constants.swift */,
			);
			path = Extension;
			sourceTree = "<group>";
		};
		A35A8BED201429240032C04E /* Library */ = {
			isa = PBXGroup;
			children = (
				A35A8C0E2016319F0032C04E /* Common */,
				A35A8BEE201429240032C04E /* Spring */,
			);
			path = Library;
			sourceTree = "<group>";
		};
		A35A8BEE201429240032C04E /* Spring */ = {
			isa = PBXGroup;
			children = (
				A35A8BF1201429240032C04E /* Spring */,
				A35A8BF9201429240032C04E /* SpringApp */,
			);
			path = Spring;
			sourceTree = "<group>";
		};
		A35A8BF1201429240032C04E /* Spring */ = {
			isa = PBXGroup;
			children = (
				A35A8C0720142D930032C04E /* Misc.swift */,
				A35A8BF2201429240032C04E /* DesignableView.swift */,
				A35A8BF3201429240032C04E /* LoadingView.swift */,
				A35A8BF4201429240032C04E /* LoadingView.xib */,
				A35A8BF6201429240032C04E /* Spring.swift */,
				A35A8BF7201429240032C04E /* SpringAnimation.swift */,
				A35A8BF8201429240032C04E /* SpringView.swift */,
			);
			path = Spring;
			sourceTree = "<group>";
		};
		A35A8BF9201429240032C04E /* SpringApp */ = {
			isa = PBXGroup;
			children = (
			);
			path = SpringApp;
			sourceTree = "<group>";
		};
		A35A8C0B20145B190032C04E /* API */ = {
			isa = PBXGroup;
			children = (
				A30A5972201307DD00515510 /* ServerAPI.swift */,
				A35A8C0C2016310C0032C04E /* SimplePingClient.swift */,
			);
			path = API;
			sourceTree = "<group>";
		};
		A35A8C0E2016319F0032C04E /* Common */ = {
			isa = PBXGroup;
			children = (
				A35A8C0F2016319F0032C04E /* SimplePing.h */,
				A35A8C102016319F0032C04E /* SimplePing.m */,
			);
			path = Common;
			sourceTree = "<group>";
		};
		E443822B8AF9242469149474 /* Frameworks */ = {
			isa = PBXGroup;
			children = (
				7766FD53AD5210A9414D47D0 /* Pods_SpeedTest.framework */,
			);
			name = Frameworks;
			sourceTree = "<group>";
		};
/* End PBXGroup section */

/* Begin PBXNativeTarget section */
		2608528D20107F0200446F1D /* SpeedTest */ = {
			isa = PBXNativeTarget;
			buildConfigurationList = 260852A020107F0200446F1D /* Build configuration list for PBXNativeTarget "SpeedTest" */;
			buildPhases = (
				87D81C63389C434688EF0E25 /* [CP] Check Pods Manifest.lock */,
				2608528A20107F0200446F1D /* Sources */,
				2608528B20107F0200446F1D /* Frameworks */,
				2608528C20107F0200446F1D /* Resources */,
				4FCAE902B467E0435697B0CB /* [CP] Embed Pods Frameworks */,
				9B2786D0B5D5D33A10EE025C /* [CP] Copy Pods Resources */,
			);
			buildRules = (
			);
			dependencies = (
			);
			name = SpeedTest;
			productName = SpeedTest;
			productReference = 2608528E20107F0200446F1D /* 乐发赛车.app */;
			productType = "com.apple.product-type.application";
		};
/* End PBXNativeTarget section */

/* Begin PBXProject section */
		2608528620107F0200446F1D /* Project object */ = {
			isa = PBXProject;
			attributes = {
				LastSwiftUpdateCheck = 0910;
				LastUpgradeCheck = 0910;
				ORGANIZATIONNAME = "Sunny Do";
				TargetAttributes = {
					2608528D20107F0200446F1D = {
						CreatedOnToolsVersion = 9.1;
						ProvisioningStyle = Manual;
					};
				};
			};
			buildConfigurationList = 2608528920107F0200446F1D /* Build configuration list for PBXProject "SpeedTest" */;
			compatibilityVersion = "Xcode 8.0";
			developmentRegion = en;
			hasScannedForEncodings = 0;
			knownRegions = (
				en,
				Base,
			);
			mainGroup = 2608528520107F0200446F1D;
			productRefGroup = 2608528F20107F0200446F1D /* Products */;
			projectDirPath = "";
			projectRoot = "";
			targets = (
				2608528D20107F0200446F1D /* SpeedTest */,
			);
		};
/* End PBXProject section */

/* Begin PBXResourcesBuildPhase section */
		2608528C20107F0200446F1D /* Resources */ = {
			isa = PBXResourcesBuildPhase;
			buildActionMask = 2147483647;
			files = (
				2608529C20107F0200446F1D /* LaunchScreen.storyboard in Resources */,
				2608529920107F0200446F1D /* Assets.xcassets in Resources */,
				A35A8BFF201429250032C04E /* LoadingView.xib in Resources */,
				2608529720107F0200446F1D /* Main.storyboard in Resources */,
			);
			runOnlyForDeploymentPostprocessing = 0;
		};
/* End PBXResourcesBuildPhase section */

/* Begin PBXShellScriptBuildPhase section */
		4FCAE902B467E0435697B0CB /* [CP] Embed Pods Frameworks */ = {
			isa = PBXShellScriptBuildPhase;
			buildActionMask = 2147483647;
			files = (
			);
			inputPaths = (
				"${SRCROOT}/Pods/Target Support Files/Pods-SpeedTest/Pods-SpeedTest-frameworks.sh",
				"${BUILT_PRODUCTS_DIR}/Alamofire/Alamofire.framework",
				"${BUILT_PRODUCTS_DIR}/AlamofireImage/AlamofireImage.framework",
				"${BUILT_PRODUCTS_DIR}/ImageSlideshow/ImageSlideshow.framework",
			);
			name = "[CP] Embed Pods Frameworks";
			outputPaths = (
				"${TARGET_BUILD_DIR}/${FRAMEWORKS_FOLDER_PATH}/Alamofire.framework",
				"${TARGET_BUILD_DIR}/${FRAMEWORKS_FOLDER_PATH}/AlamofireImage.framework",
				"${TARGET_BUILD_DIR}/${FRAMEWORKS_FOLDER_PATH}/ImageSlideshow.framework",
			);
			runOnlyForDeploymentPostprocessing = 0;
			shellPath = /bin/sh;
			shellScript = "\"${SRCROOT}/Pods/Target Support Files/Pods-SpeedTest/Pods-SpeedTest-frameworks.sh\"\n";
			showEnvVarsInLog = 0;
		};
		87D81C63389C434688EF0E25 /* [CP] Check Pods Manifest.lock */ = {
			isa = PBXShellScriptBuildPhase;
			buildActionMask = 2147483647;
			files = (
			);
			inputPaths = (
				"${PODS_PODFILE_DIR_PATH}/Podfile.lock",
				"${PODS_ROOT}/Manifest.lock",
			);
			name = "[CP] Check Pods Manifest.lock";
			outputPaths = (
				"$(DERIVED_FILE_DIR)/Pods-SpeedTest-checkManifestLockResult.txt",
			);
			runOnlyForDeploymentPostprocessing = 0;
			shellPath = /bin/sh;
			shellScript = "diff \"${PODS_PODFILE_DIR_PATH}/Podfile.lock\" \"${PODS_ROOT}/Manifest.lock\" > /dev/null\nif [ $? != 0 ] ; then\n    # print error to STDERR\n    echo \"error: The sandbox is not in sync with the Podfile.lock. Run 'pod install' or update your CocoaPods installation.\" >&2\n    exit 1\nfi\n# This output is used by Xcode 'outputs' to avoid re-running this script phase.\necho \"SUCCESS\" > \"${SCRIPT_OUTPUT_FILE_0}\"\n";
			showEnvVarsInLog = 0;
		};
		9B2786D0B5D5D33A10EE025C /* [CP] Copy Pods Resources */ = {
			isa = PBXShellScriptBuildPhase;
			buildActionMask = 2147483647;
			files = (
			);
			inputPaths = (
			);
			name = "[CP] Copy Pods Resources";
			outputPaths = (
			);
			runOnlyForDeploymentPostprocessing = 0;
			shellPath = /bin/sh;
			shellScript = "\"${SRCROOT}/Pods/Target Support Files/Pods-SpeedTest/Pods-SpeedTest-resources.sh\"\n";
			showEnvVarsInLog = 0;
		};
/* End PBXShellScriptBuildPhase section */

/* Begin PBXSourcesBuildPhase section */
		2608528A20107F0200446F1D /* Sources */ = {
			isa = PBXSourcesBuildPhase;
			buildActionMask = 2147483647;
			files = (
				260852A72010907F00446F1D /* NewsViewController.swift in Sources */,
				A35A8C02201429250032C04E /* SpringAnimation.swift in Sources */,
				260852A52010906600446F1D /* SpeedTestViewController.swift in Sources */,
				A35A8C112016319F0032C04E /* SimplePing.m in Sources */,
				A35A8C0820142D930032C04E /* Misc.swift in Sources */,
				A30A59712012FEED00515510 /* UIImageView+Extension.swift in Sources */,
				A35A8BFD201429250032C04E /* DesignableView.swift in Sources */,
				A30A597520130DA400515510 /* News.swift in Sources */,
				A35A8BFE201429250032C04E /* LoadingView.swift in Sources */,
				A30A5973201307DD00515510 /* ServerAPI.swift in Sources */,
				A35A8C0D2016310C0032C04E /* SimplePingClient.swift in Sources */,
				2698FD092011ED7100BA94F5 /* NewsTableViewCell.swift in Sources */,
				A30A59792013501300515510 /* NewsDetailViewController.swift in Sources */,
				A35A8C03201429250032C04E /* SpringView.swift in Sources */,
				A35A8C01201429250032C04E /* Spring.swift in Sources */,
				2698FD0C2011F1A400BA94F5 /* Speed.swift in Sources */,
				2608529220107F0200446F1D /* AppDelegate.swift in Sources */,
				2698FD072011ED5B00BA94F5 /* SpeedTestTableViewCell.swift in Sources */,
				A30A597720130DB200515510 /* Slide.swift in Sources */,
				A30A597B2013766800515510 /* Constants.swift in Sources */,
			);
			runOnlyForDeploymentPostprocessing = 0;
		};
/* End PBXSourcesBuildPhase section */

/* Begin PBXVariantGroup section */
		2608529520107F0200446F1D /* Main.storyboard */ = {
			isa = PBXVariantGroup;
			children = (
				2608529620107F0200446F1D /* Base */,
			);
			name = Main.storyboard;
			sourceTree = "<group>";
		};
		2608529A20107F0200446F1D /* LaunchScreen.storyboard */ = {
			isa = PBXVariantGroup;
			children = (
				2608529B20107F0200446F1D /* Base */,
			);
			name = LaunchScreen.storyboard;
			sourceTree = "<group>";
		};
/* End PBXVariantGroup section */

/* Begin XCBuildConfiguration section */
		2608529E20107F0200446F1D /* Debug */ = {
			isa = XCBuildConfiguration;
			buildSettings = {
				ALWAYS_SEARCH_USER_PATHS = NO;
				CLANG_ANALYZER_NONNULL = YES;
				CLANG_ANALYZER_NUMBER_OBJECT_CONVERSION = YES_AGGRESSIVE;
				CLANG_CXX_LANGUAGE_STANDARD = "gnu++14";
				CLANG_CXX_LIBRARY = "libc++";
				CLANG_ENABLE_MODULES = YES;
				CLANG_ENABLE_OBJC_ARC = YES;
				CLANG_WARN_BLOCK_CAPTURE_AUTORELEASING = YES;
				CLANG_WARN_BOOL_CONVERSION = YES;
				CLANG_WARN_COMMA = YES;
				CLANG_WARN_CONSTANT_CONVERSION = YES;
				CLANG_WARN_DIRECT_OBJC_ISA_USAGE = YES_ERROR;
				CLANG_WARN_DOCUMENTATION_COMMENTS = YES;
				CLANG_WARN_EMPTY_BODY = YES;
				CLANG_WARN_ENUM_CONVERSION = YES;
				CLANG_WARN_INFINITE_RECURSION = YES;
				CLANG_WARN_INT_CONVERSION = YES;
				CLANG_WARN_NON_LITERAL_NULL_CONVERSION = YES;
				CLANG_WARN_OBJC_LITERAL_CONVERSION = YES;
				CLANG_WARN_OBJC_ROOT_CLASS = YES_ERROR;
				CLANG_WARN_RANGE_LOOP_ANALYSIS = YES;
				CLANG_WARN_STRICT_PROTOTYPES = YES;
				CLANG_WARN_SUSPICIOUS_MOVE = YES;
				CLANG_WARN_UNGUARDED_AVAILABILITY = YES_AGGRESSIVE;
				CLANG_WARN_UNREACHABLE_CODE = YES;
				CLANG_WARN__DUPLICATE_METHOD_MATCH = YES;
				CODE_SIGN_IDENTITY = "iPhone Developer";
				COPY_PHASE_STRIP = NO;
				DEBUG_INFORMATION_FORMAT = dwarf;
				ENABLE_STRICT_OBJC_MSGSEND = YES;
				ENABLE_TESTABILITY = YES;
				GCC_C_LANGUAGE_STANDARD = gnu11;
				GCC_DYNAMIC_NO_PIC = NO;
				GCC_NO_COMMON_BLOCKS = YES;
				GCC_OPTIMIZATION_LEVEL = 0;
				GCC_PREPROCESSOR_DEFINITIONS = (
					"DEBUG=1",
					"$(inherited)",
				);
				GCC_WARN_64_TO_32_BIT_CONVERSION = YES;
				GCC_WARN_ABOUT_RETURN_TYPE = YES_ERROR;
				GCC_WARN_UNDECLARED_SELECTOR = YES;
				GCC_WARN_UNINITIALIZED_AUTOS = YES_AGGRESSIVE;
				GCC_WARN_UNUSED_FUNCTION = YES;
				GCC_WARN_UNUSED_VARIABLE = YES;
				IPHONEOS_DEPLOYMENT_TARGET = 11.1;
				MTL_ENABLE_DEBUG_INFO = YES;
				ONLY_ACTIVE_ARCH = YES;
				SDKROOT = iphoneos;
				SWIFT_ACTIVE_COMPILATION_CONDITIONS = DEBUG;
				SWIFT_OPTIMIZATION_LEVEL = "-Onone";
			};
			name = Debug;
		};
		2608529F20107F0200446F1D /* Release */ = {
			isa = XCBuildConfiguration;
			buildSettings = {
				ALWAYS_SEARCH_USER_PATHS = NO;
				CLANG_ANALYZER_NONNULL = YES;
				CLANG_ANALYZER_NUMBER_OBJECT_CONVERSION = YES_AGGRESSIVE;
				CLANG_CXX_LANGUAGE_STANDARD = "gnu++14";
				CLANG_CXX_LIBRARY = "libc++";
				CLANG_ENABLE_MODULES = YES;
				CLANG_ENABLE_OBJC_ARC = YES;
				CLANG_WARN_BLOCK_CAPTURE_AUTORELEASING = YES;
				CLANG_WARN_BOOL_CONVERSION = YES;
				CLANG_WARN_COMMA = YES;
				CLANG_WARN_CONSTANT_CONVERSION = YES;
				CLANG_WARN_DIRECT_OBJC_ISA_USAGE = YES_ERROR;
				CLANG_WARN_DOCUMENTATION_COMMENTS = YES;
				CLANG_WARN_EMPTY_BODY = YES;
				CLANG_WARN_ENUM_CONVERSION = YES;
				CLANG_WARN_INFINITE_RECURSION = YES;
				CLANG_WARN_INT_CONVERSION = YES;
				CLANG_WARN_NON_LITERAL_NULL_CONVERSION = YES;
				CLANG_WARN_OBJC_LITERAL_CONVERSION = YES;
				CLANG_WARN_OBJC_ROOT_CLASS = YES_ERROR;
				CLANG_WARN_RANGE_LOOP_ANALYSIS = YES;
				CLANG_WARN_STRICT_PROTOTYPES = YES;
				CLANG_WARN_SUSPICIOUS_MOVE = YES;
				CLANG_WARN_UNGUARDED_AVAILABILITY = YES_AGGRESSIVE;
				CLANG_WARN_UNREACHABLE_CODE = YES;
				CLANG_WARN__DUPLICATE_METHOD_MATCH = YES;
				CODE_SIGN_IDENTITY = "iPhone Developer";
				COPY_PHASE_STRIP = NO;
				DEBUG_INFORMATION_FORMAT = "dwarf-with-dsym";
				ENABLE_NS_ASSERTIONS = NO;
				ENABLE_STRICT_OBJC_MSGSEND = YES;
				GCC_C_LANGUAGE_STANDARD = gnu11;
				GCC_NO_COMMON_BLOCKS = YES;
				GCC_WARN_64_TO_32_BIT_CONVERSION = YES;
				GCC_WARN_ABOUT_RETURN_TYPE = YES_ERROR;
				GCC_WARN_UNDECLARED_SELECTOR = YES;
				GCC_WARN_UNINITIALIZED_AUTOS = YES_AGGRESSIVE;
				GCC_WARN_UNUSED_FUNCTION = YES;
				GCC_WARN_UNUSED_VARIABLE = YES;
				IPHONEOS_DEPLOYMENT_TARGET = 11.1;
				MTL_ENABLE_DEBUG_INFO = NO;
				SDKROOT = iphoneos;
				SWIFT_OPTIMIZATION_LEVEL = "-Owholemodule";
				VALIDATE_PRODUCT = YES;
			};
			name = Release;
		};
		260852A120107F0200446F1D /* Debug */ = {
			isa = XCBuildConfiguration;
			baseConfigurationReference = F1E40D04AB8ED6FDDEFD96EE /* Pods-SpeedTest.debug.xcconfig */;
			buildSettings = {
				ASSETCATALOG_COMPILER_APPICON_NAME = AppIcon;
				"CODE_SIGN_IDENTITY[sdk=iphoneos*]" = "iPhone Developer";
				CODE_SIGN_STYLE = Manual;
				DEVELOPMENT_TEAM = "";
				INFOPLIST_FILE = SpeedTest/Info.plist;
				IPHONEOS_DEPLOYMENT_TARGET = 9.0;
				LD_RUNPATH_SEARCH_PATHS = "$(inherited) @executable_path/Frameworks";
				PRODUCT_BUNDLE_IDENTIFIER = com.sunny.SpeedTest;
				PRODUCT_NAME = "乐发赛车";
				PROVISIONING_PROFILE = "";
				PROVISIONING_PROFILE_SPECIFIER = "";
				SWIFT_OBJC_BRIDGING_HEADER = "SpeedTest/SpeedTest-Bridging-Header.h";
				SWIFT_VERSION = 4.0;
				TARGETED_DEVICE_FAMILY = 1;
			};
			name = Debug;
		};
		260852A220107F0200446F1D /* Release */ = {
			isa = XCBuildConfiguration;
			baseConfigurationReference = 630A63D2FC08F8EF3BFC6EDE /* Pods-SpeedTest.release.xcconfig */;
			buildSettings = {
				ASSETCATALOG_COMPILER_APPICON_NAME = AppIcon;
				"CODE_SIGN_IDENTITY[sdk=iphoneos*]" = "iPhone Distribution";
				CODE_SIGN_STYLE = Manual;
				DEVELOPMENT_TEAM = 52HXEA5KHB;
				INFOPLIST_FILE = SpeedTest/Info.plist;
				IPHONEOS_DEPLOYMENT_TARGET = 9.0;
				LD_RUNPATH_SEARCH_PATHS = "$(inherited) @executable_path/Frameworks";
				PRODUCT_BUNDLE_IDENTIFIER = com.sunny.SpeedTest;
				PRODUCT_NAME = "乐发赛车";
				PROVISIONING_PROFILE = "b60e6550-c985-4a74-a2de-1785b1cb7890";
				PROVISIONING_PROFILE_SPECIFIER = speedtest_dis;
				SWIFT_OBJC_BRIDGING_HEADER = "SpeedTest/SpeedTest-Bridging-Header.h";
				SWIFT_VERSION = 4.0;
				TARGETED_DEVICE_FAMILY = 1;
			};
			name = Release;
		};
/* End XCBuildConfiguration section */

/* Begin XCConfigurationList section */
		2608528920107F0200446F1D /* Build configuration list for PBXProject "SpeedTest" */ = {
			isa = XCConfigurationList;
			buildConfigurations = (
				2608529E20107F0200446F1D /* Debug */,
				2608529F20107F0200446F1D /* Release */,
			);
			defaultConfigurationIsVisible = 0;
			defaultConfigurationName = Release;
		};
		260852A020107F0200446F1D /* Build configuration list for PBXNativeTarget "SpeedTest" */ = {
			isa = XCConfigurationList;
			buildConfigurations = (
				260852A120107F0200446F1D /* Debug */,
				260852A220107F0200446F1D /* Release */,
			);
			defaultConfigurationIsVisible = 0;
			defaultConfigurationName = Release;
		};
/* End XCConfigurationList section */
	};
	rootObject = 2608528620107F0200446F1D /* Project object */;
}
